
Microsoft Visual Studio Solution File, Format Version 12.00
# Visual Studio Version 17
VisualStudioVersion = 17.0.31903.59
MinimumVisualStudioVersion = 10.0.40219.1
Project("{FAE04EC0-301F-11D3-BF4B-00C04F79EFBC}") = "remex.core", "remex.core\remex.core.csproj", "{8CC5CA1C-4A11-4575-98C1-91BD755DF9E1}"
EndProject
Project("{FAE04EC0-301F-11D3-BF4B-00C04F79EFBC}") = "remex.desktop", "remex.desktop\remex.desktop.csproj", "{185BE9F0-2DC9-4571-96E5-D6ADF784367F}"
EndProject
Project("{FAE04EC0-301F-11D3-BF4B-00C04F79EFBC}") = "remex.core.tests", "remex.core.tests\remex.core.tests.csproj", "{B59A3F32-B7C9-425A-B02A-51D6EFE8F80F}"
EndProject
Project("{FAE04EC0-301F-11D3-BF4B-00C04F79EFBC}") = "remex.agent.tests", "remex.agent.tests\remex.agent.tests.csproj", "{AB5776B3-C9FD-4686-B3AA-98F93EAF3CCB}"
EndProject
Project("{FAE04EC0-301F-11D3-BF4B-00C04F79EFBC}") = "remex.desktop.tests", "remex.desktop.tests\remex.desktop.tests.csproj", "{B6A23CD5-2C88-46A0-9A93-F3553C4C9E6C}"
EndProject
Project("{FAE04EC0-301F-11D3-BF4B-00C04F79EFBC}") = "remex.agent", "remex.agent\remex.agent.csproj", "{2A61B7C0-A598-429F-B093-6D16D4B64AEF}"
EndProject
Project("{FAE04EC0-301F-11D3-BF4B-00C04F79EFBC}") = "remex.branding", "remex.branding\remex.branding.csproj", "{8CE21234-A5D4-4D92-AB51-9DCE8CA6CB72}"
EndProject
Global
	GlobalSection(SolutionConfigurationPlatforms) = preSolution
		Debug|Any CPU = Debug|Any CPU
		Debug|x64 = Debug|x64
		Debug|x86 = Debug|x86
		Release|Any CPU = Release|Any CPU
		Release|x64 = Release|x64
		Release|x86 = Release|x86
	EndGlobalSection
	GlobalSection(ProjectConfigurationPlatforms) = postSolution
		{8CC5CA1C-4A11-4575-98C1-91BD755DF9E1}.Debug|Any CPU.ActiveCfg = Debug|Any CPU
		{8CC5CA1C-4A11-4575-98C1-91BD755DF9E1}.Debug|Any CPU.Build.0 = Debug|Any CPU
		{8CC5CA1C-4A11-4575-98C1-91BD755DF9E1}.Debug|x64.ActiveCfg = Debug|Any CPU
		{8CC5CA1C-4A11-4575-98C1-91BD755DF9E1}.Debug|x64.Build.0 = Debug|Any CPU
		{8CC5CA1C-4A11-4575-98C1-91BD755DF9E1}.Debug|x86.ActiveCfg = Debug|Any CPU
		{8CC5CA1C-4A11-4575-98C1-91BD755DF9E1}.Debug|x86.Build.0 = Debug|Any CPU
		{8CC5CA1C-4A11-4575-98C1-91BD755DF9E1}.Release|Any CPU.ActiveCfg = Release|Any CPU
		{8CC5CA1C-4A11-4575-98C1-91BD755DF9E1}.Release|Any CPU.Build.0 = Release|Any CPU
		{8CC5CA1C-4A11-4575-98C1-91BD755DF9E1}.Release|x64.ActiveCfg = Release|Any CPU
		{8CC5CA1C-4A11-4575-98C1-91BD755DF9E1}.Release|x64.Build.0 = Release|Any CPU
		{8CC5CA1C-4A11-4575-98C1-91BD755DF9E1}.Release|x86.ActiveCfg = Release|Any CPU
		{8CC5CA1C-4A11-4575-98C1-91BD755DF9E1}.Release|x86.Build.0 = Release|Any CPU
		{185BE9F0-2DC9-4571-96E5-D6ADF784367F}.Debug|Any CPU.ActiveCfg = Debug|Any CPU
		{185BE9F0-2DC9-4571-96E5-D6ADF784367F}.Debug|Any CPU.Build.0 = Debug|Any CPU
		{185BE9F0-2DC9-4571-96E5-D6ADF784367F}.Debug|x64.ActiveCfg = Debug|Any CPU
		{185BE9F0-2DC9-4571-96E5-D6ADF784367F}.Debug|x64.Build.0 = Debug|Any CPU
		{185BE9F0-2DC9-4571-96E5-D6ADF784367F}.Debug|x86.ActiveCfg = Debug|Any CPU
		{185BE9F0-2DC9-4571-96E5-D6ADF784367F}.Debug|x86.Build.0 = Debug|Any CPU
		{185BE9F0-2DC9-4571-96E5-D6ADF784367F}.Release|Any CPU.ActiveCfg = Release|Any CPU
		{185BE9F0-2DC9-4571-96E5-D6ADF784367F}.Release|Any CPU.Build.0 = Release|Any CPU
		{185BE9F0-2DC9-4571-96E5-D6ADF784367F}.Release|x64.ActiveCfg = Release|Any CPU
		{185BE9F0-2DC9-4571-96E5-D6ADF784367F}.Release|x64.Build.0 = Release|Any CPU
		{185BE9F0-2DC9-4571-96E5-D6ADF784367F}.Release|x86.ActiveCfg = Release|Any CPU
		{185BE9F0-2DC9-4571-96E5-D6ADF784367F}.Release|x86.Build.0 = Release|Any CPU
		{B59A3F32-B7C9-425A-B02A-51D6EFE8F80F}.Debug|Any CPU.ActiveCfg = Debug|Any CPU
		{B59A3F32-B7C9-425A-B02A-51D6EFE8F80F}.Debug|Any CPU.Build.0 = Debug|Any CPU
		{B59A3F32-B7C9-425A-B02A-51D6EFE8F80F}.Debug|x64.ActiveCfg = Debug|Any CPU
		{B59A3F32-B7C9-425A-B02A-51D6EFE8F80F}.Debug|x64.Build.0 = Debug|Any CPU
		{B59A3F32-B7C9-425A-B02A-51D6EFE8F80F}.Debug|x86.ActiveCfg = Debug|Any CPU
		{B59A3F32-B7C9-425A-B02A-51D6EFE8F80F}.Debug|x86.Build.0 = Debug|Any CPU
		{B59A3F32-B7C9-425A-B02A-51D6EFE8F80F}.Release|Any CPU.ActiveCfg = Release|Any CPU
		{B59A3F32-B7C9-425A-B02A-51D6EFE8F80F}.Release|Any CPU.Build.0 = Release|Any CPU
		{B59A3F32-B7C9-425A-B02A-51D6EFE8F80F}.Release|x64.ActiveCfg = Release|Any CPU
		{B59A3F32-B7C9-425A-B02A-51D6EFE8F80F}.Release|x64.Build.0 = Release|Any CPU
		{B59A3F32-B7C9-425A-B02A-51D6EFE8F80F}.Release|x86.ActiveCfg = Release|Any CPU
		{B59A3F32-B7C9-425A-B02A-51D6EFE8F80F}.Release|x86.Build.0 = Release|Any CPU
		{AB5776B3-C9FD-4686-B3AA-98F93EAF3CCB}.Debug|Any CPU.ActiveCfg = Debug|Any CPU
		{AB5776B3-C9FD-4686-B3AA-98F93EAF3CCB}.Debug|Any CPU.Build.0 = Debug|Any CPU
		{AB5776B3-C9FD-4686-B3AA-98F93EAF3CCB}.Debug|x64.ActiveCfg = Debug|Any CPU
		{AB5776B3-C9FD-4686-B3AA-98F93EAF3CCB}.Debug|x64.Build.0 = Debug|Any CPU
		{AB5776B3-C9FD-4686-B3AA-98F93EAF3CCB}.Debug|x86.ActiveCfg = Debug|Any CPU
		{AB5776B3-C9FD-4686-B3AA-98F93EAF3CCB}.Debug|x86.Build.0 = Debug|Any CPU
		{AB5776B3-C9FD-4686-B3AA-98F93EAF3CCB}.Release|Any CPU.ActiveCfg = Release|Any CPU
		{AB5776B3-C9FD-4686-B3AA-98F93EAF3CCB}.Release|Any CPU.Build.0 = Release|Any CPU
		{AB5776B3-C9FD-4686-B3AA-98F93EAF3CCB}.Release|x64.ActiveCfg = Release|Any CPU
		{AB5776B3-C9FD-4686-B3AA-98F93EAF3CCB}.Release|x64.Build.0 = Release|Any CPU
		{AB5776B3-C9FD-4686-B3AA-98F93EAF3CCB}.Release|x86.ActiveCfg = Release|Any CPU
		{AB5776B3-C9FD-4686-B3AA-98F93EAF3CCB}.Release|x86.Build.0 = Release|Any CPU
		{B6A23CD5-2C88-46A0-9A93-F3553C4C9E6C}.Debug|Any CPU.ActiveCfg = Debug|Any CPU
		{B6A23CD5-2C88-46A0-9A93-F3553C4C9E6C}.Debug|Any CPU.Build.0 = Debug|Any CPU
		{B6A23CD5-2C88-46A0-9A93-F3553C4C9E6C}.Debug|x64.ActiveCfg = Debug|Any CPU
		{B6A23CD5-2C88-46A0-9A93-F3553C4C9E6C}.Debug|x64.Build.0 = Debug|Any CPU
		{B6A23CD5-2C88-46A0-9A93-F3553C4C9E6C}.Debug|x86.ActiveCfg = Debug|Any CPU
		{B6A23CD5-2C88-46A0-9A93-F3553C4C9E6C}.Debug|x86.Build.0 = Debug|Any CPU
		{B6A23CD5-2C88-46A0-9A93-F3553C4C9E6C}.Release|Any CPU.ActiveCfg = Release|Any CPU
		{B6A23CD5-2C88-46A0-9A93-F3553C4C9E6C}.Release|Any CPU.Build.0 = Release|Any CPU
		{B6A23CD5-2C88-46A0-9A93-F3553C4C9E6C}.Release|x64.ActiveCfg = Release|Any CPU
		{B6A23CD5-2C88-46A0-9A93-F3553C4C9E6C}.Release|x64.Build.0 = Release|Any CPU
		{B6A23CD5-2C88-46A0-9A93-F3553C4C9E6C}.Release|x86.ActiveCfg = Release|Any CPU
		{B6A23CD5-2C88-46A0-9A93-F3553C4C9E6C}.Release|x86.Build.0 = Release|Any CPU
		{2A61B7C0-A598-429F-B093-6D16D4B64AEF}.Debug|Any CPU.ActiveCfg = Debug|Any CPU
		{2A61B7C0-A598-429F-B093-6D16D4B64AEF}.Debug|Any CPU.Build.0 = Debug|Any CPU
		{2A61B7C0-A598-429F-B093-6D16D4B64AEF}.Debug|x64.ActiveCfg = Debug|Any CPU
		{2A61B7C0-A598-429F-B093-6D16D4B64AEF}.Debug|x64.Build.0 = Debug|Any CPU
		{2A61B7C0-A598-429F-B093-6D16D4B64AEF}.Debug|x86.ActiveCfg = Debug|Any CPU
		{2A61B7C0-A598-429F-B093-6D16D4B64AEF}.Debug|x86.Build.0 = Debug|Any CPU
		{2A61B7C0-A598-429F-B093-6D16D4B64AEF}.Release|Any CPU.ActiveCfg = Release|Any CPU
		{2A61B7C0-A598-429F-B093-6D16D4B64AEF}.Release|Any CPU.Build.0 = Release|Any CPU
		{2A61B7C0-A598-429F-B093-6D16D4B64AEF}.Release|x64.ActiveCfg = Release|Any CPU
		{2A61B7C0-A598-429F-B093-6D16D4B64AEF}.Release|x64.Build.0 = Release|Any CPU
		{2A61B7C0-A598-429F-B093-6D16D4B64AEF}.Release|x86.ActiveCfg = Release|Any CPU
		{2A61B7C0-A598-429F-B093-6D16D4B64AEF}.Release|x86.Build.0 = Release|Any CPU
		{8CE21234-A5D4-4D92-AB51-9DCE8CA6CB72}.Debug|Any CPU.ActiveCfg = Debug|Any CPU
		{8CE21234-A5D4-4D92-AB51-9DCE8CA6CB72}.Debug|Any CPU.Build.0 = Debug|Any CPU
		{8CE21234-A5D4-4D92-AB51-9DCE8CA6CB72}.Debug|x64.ActiveCfg = Debug|Any CPU
		{8CE21234-A5D4-4D92-AB51-9DCE8CA6CB72}.Debug|x64.Build.0 = Debug|Any CPU
		{8CE21234-A5D4-4D92-AB51-9DCE8CA6CB72}.Debug|x86.ActiveCfg = Debug|Any CPU
		{8CE21234-A5D4-4D92-AB51-9DCE8CA6CB72}.Debug|x86.Build.0 = Debug|Any CPU
		{8CE21234-A5D4-4D92-AB51-9DCE8CA6CB72}.Release|Any CPU.ActiveCfg = Release|Any CPU
		{8CE21234-A5D4-4D92-AB51-9DCE8CA6CB72}.Release|Any CPU.Build.0 = Release|Any CPU
		{8CE21234-A5D4-4D92-AB51-9DCE8CA6CB72}.Release|x64.ActiveCfg = Release|Any CPU
		{8CE21234-A5D4-4D92-AB51-9DCE8CA6CB72}.Release|x64.Build.0 = Release|Any CPU
		{8CE21234-A5D4-4D92-AB51-9DCE8CA6CB72}.Release|x86.ActiveCfg = Release|Any CPU
		{8CE21234-A5D4-4D92-AB51-9DCE8CA6CB72}.Release|x86.Build.0 = Release|Any CPU
	EndGlobalSection
	GlobalSection(SolutionProperties) = preSolution
		HideSolutionNode = FALSE
	EndGlobalSection
EndGlobal
