
Microsoft Visual Studio Solution File, Format Version 12.00
# Visual Studio Version 17
VisualStudioVersion = 17.0.31903.59
MinimumVisualStudioVersion = 10.0.40219.1
Project("{FAE04EC0-301F-11D3-BF4B-00C04F79EFBC}") = "Remex.Core", "Remex.Core\Remex.Core.csproj", "{8CC5CA1C-4A11-4575-98C1-91BD755DF9E1}"
EndProject
Project("{FAE04EC0-301F-11D3-BF4B-00C04F79EFBC}") = "Remex.Host", "Remex.Host\Remex.Host.csproj", "{DBC708C1-144F-4D54-B02A-159C312FB287}"
EndProject
Project("{FAE04EC0-301F-11D3-BF4B-00C04F79EFBC}") = "Remex.Client", "Remex.Client\Remex.Client.csproj", "{185BE9F0-2DC9-4571-96E5-D6ADF784367F}"
EndProject
Project("{FAE04EC0-301F-11D3-BF4B-00C04F79EFBC}") = "Remex.Client.Desktop", "Remex.Client.Desktop\Remex.Client.Desktop.csproj", "{4875BC39-68E4-471F-B8CB-CEF16A1BFB64}"
EndProject
Project("{FAE04EC0-301F-11D3-BF4B-00C04F79EFBC}") = "Remex.Client.Android", "Remex.Client.Android\Remex.Client.Android.csproj", "{7935821F-7EA0-45BA-977B-41B5303675EE}"
EndProject
Global
	GlobalSection(SolutionConfigurationPlatforms) = preSolution
		Debug|Any CPU = Debug|Any CPU
		Debug|x64 = Debug|x64
		Debug|x86 = Debug|x86
		Release|Any CPU = Release|Any CPU
		Release|x64 = Release|x64
		Release|x86 = Release|x86
	EndGlobalSection
	GlobalSection(ProjectConfigurationPlatforms) = postSolution
		{8CC5CA1C-4A11-4575-98C1-91BD755DF9E1}.Debug|Any CPU.ActiveCfg = Debug|Any CPU
		{8CC5CA1C-4A11-4575-98C1-91BD755DF9E1}.Debug|Any CPU.Build.0 = Debug|Any CPU
		{8CC5CA1C-4A11-4575-98C1-91BD755DF9E1}.Debug|x64.ActiveCfg = Debug|Any CPU
		{8CC5CA1C-4A11-4575-98C1-91BD755DF9E1}.Debug|x64.Build.0 = Debug|Any CPU
		{8CC5CA1C-4A11-4575-98C1-91BD755DF9E1}.Debug|x86.ActiveCfg = Debug|Any CPU
		{8CC5CA1C-4A11-4575-98C1-91BD755DF9E1}.Debug|x86.Build.0 = Debug|Any CPU
		{8CC5CA1C-4A11-4575-98C1-91BD755DF9E1}.Release|Any CPU.ActiveCfg = Release|Any CPU
		{8CC5CA1C-4A11-4575-98C1-91BD755DF9E1}.Release|Any CPU.Build.0 = Release|Any CPU
		{8CC5CA1C-4A11-4575-98C1-91BD755DF9E1}.Release|x64.ActiveCfg = Release|Any CPU
		{8CC5CA1C-4A11-4575-98C1-91BD755DF9E1}.Release|x64.Build.0 = Release|Any CPU
		{8CC5CA1C-4A11-4575-98C1-91BD755DF9E1}.Release|x86.ActiveCfg = Release|Any CPU
		{8CC5CA1C-4A11-4575-98C1-91BD755DF9E1}.Release|x86.Build.0 = Release|Any CPU
		{DBC708C1-144F-4D54-B02A-159C312FB287}.Debug|Any CPU.ActiveCfg = Debug|Any CPU
		{DBC708C1-144F-4D54-B02A-159C312FB287}.Debug|Any CPU.Build.0 = Debug|Any CPU
		{DBC708C1-144F-4D54-B02A-159C312FB287}.Debug|x64.ActiveCfg = Debug|Any CPU
		{DBC708C1-144F-4D54-B02A-159C312FB287}.Debug|x64.Build.0 = Debug|Any CPU
		{DBC708C1-144F-4D54-B02A-159C312FB287}.Debug|x86.ActiveCfg = Debug|Any CPU
		{DBC708C1-144F-4D54-B02A-159C312FB287}.Debug|x86.Build.0 = Debug|Any CPU
		{DBC708C1-144F-4D54-B02A-159C312FB287}.Release|Any CPU.ActiveCfg = Release|Any CPU
		{DBC708C1-144F-4D54-B02A-159C312FB287}.Release|Any CPU.Build.0 = Release|Any CPU
		{DBC708C1-144F-4D54-B02A-159C312FB287}.Release|x64.ActiveCfg = Release|Any CPU
		{DBC708C1-144F-4D54-B02A-159C312FB287}.Release|x64.Build.0 = Release|Any CPU
		{DBC708C1-144F-4D54-B02A-159C312FB287}.Release|x86.ActiveCfg = Release|Any CPU
		{DBC708C1-144F-4D54-B02A-159C312FB287}.Release|x86.Build.0 = Release|Any CPU
		{185BE9F0-2DC9-4571-96E5-D6ADF784367F}.Debug|Any CPU.ActiveCfg = Debug|Any CPU
		{185BE9F0-2DC9-4571-96E5-D6ADF784367F}.Debug|Any CPU.Build.0 = Debug|Any CPU
		{185BE9F0-2DC9-4571-96E5-D6ADF784367F}.Debug|x64.ActiveCfg = Debug|Any CPU
		{185BE9F0-2DC9-4571-96E5-D6ADF784367F}.Debug|x64.Build.0 = Debug|Any CPU
		{185BE9F0-2DC9-4571-96E5-D6ADF784367F}.Debug|x86.ActiveCfg = Debug|Any CPU
		{185BE9F0-2DC9-4571-96E5-D6ADF784367F}.Debug|x86.Build.0 = Debug|Any CPU
		{185BE9F0-2DC9-4571-96E5-D6ADF784367F}.Release|Any CPU.ActiveCfg = Release|Any CPU
		{185BE9F0-2DC9-4571-96E5-D6ADF784367F}.Release|Any CPU.Build.0 = Release|Any CPU
		{185BE9F0-2DC9-4571-96E5-D6ADF784367F}.Release|x64.ActiveCfg = Release|Any CPU
		{185BE9F0-2DC9-4571-96E5-D6ADF784367F}.Release|x64.Build.0 = Release|Any CPU
		{185BE9F0-2DC9-4571-96E5-D6ADF784367F}.Release|x86.ActiveCfg = Release|Any CPU
		{185BE9F0-2DC9-4571-96E5-D6ADF784367F}.Release|x86.Build.0 = Release|Any CPU
		{4875BC39-68E4-471F-B8CB-CEF16A1BFB64}.Debug|Any CPU.ActiveCfg = Debug|Any CPU
		{4875BC39-68E4-471F-B8CB-CEF16A1BFB64}.Debug|Any CPU.Build.0 = Debug|Any CPU
		{4875BC39-68E4-471F-B8CB-CEF16A1BFB64}.Debug|x64.ActiveCfg = Debug|Any CPU
		{4875BC39-68E4-471F-B8CB-CEF16A1BFB64}.Debug|x64.Build.0 = Debug|Any CPU
		{4875BC39-68E4-471F-B8CB-CEF16A1BFB64}.Debug|x86.ActiveCfg = Debug|Any CPU
		{4875BC39-68E4-471F-B8CB-CEF16A1BFB64}.Debug|x86.Build.0 = Debug|Any CPU
		{4875BC39-68E4-471F-B8CB-CEF16A1BFB64}.Release|Any CPU.ActiveCfg = Release|Any CPU
		{4875BC39-68E4-471F-B8CB-CEF16A1BFB64}.Release|Any CPU.Build.0 = Release|Any CPU
		{4875BC39-68E4-471F-B8CB-CEF16A1BFB64}.Release|x64.ActiveCfg = Release|Any CPU
		{4875BC39-68E4-471F-B8CB-CEF16A1BFB64}.Release|x64.Build.0 = Release|Any CPU
		{4875BC39-68E4-471F-B8CB-CEF16A1BFB64}.Release|x86.ActiveCfg = Release|Any CPU
		{4875BC39-68E4-471F-B8CB-CEF16A1BFB64}.Release|x86.Build.0 = Release|Any CPU
		{7935821F-7EA0-45BA-977B-41B5303675EE}.Debug|Any CPU.ActiveCfg = Debug|Any CPU
		{7935821F-7EA0-45BA-977B-41B5303675EE}.Debug|Any CPU.Build.0 = Debug|Any CPU
		{7935821F-7EA0-45BA-977B-41B5303675EE}.Debug|x64.ActiveCfg = Debug|Any CPU
		{7935821F-7EA0-45BA-977B-41B5303675EE}.Debug|x64.Build.0 = Debug|Any CPU
		{7935821F-7EA0-45BA-977B-41B5303675EE}.Debug|x86.ActiveCfg = Debug|Any CPU
		{7935821F-7EA0-45BA-977B-41B5303675EE}.Debug|x86.Build.0 = Debug|Any CPU
		{7935821F-7EA0-45BA-977B-41B5303675EE}.Release|Any CPU.ActiveCfg = Release|Any CPU
		{7935821F-7EA0-45BA-977B-41B5303675EE}.Release|Any CPU.Build.0 = Release|Any CPU
		{7935821F-7EA0-45BA-977B-41B5303675EE}.Release|x64.ActiveCfg = Release|Any CPU
		{7935821F-7EA0-45BA-977B-41B5303675EE}.Release|x64.Build.0 = Release|Any CPU
		{7935821F-7EA0-45BA-977B-41B5303675EE}.Release|x86.ActiveCfg = Release|Any CPU
		{7935821F-7EA0-45BA-977B-41B5303675EE}.Release|x86.Build.0 = Release|Any CPU
	EndGlobalSection
	GlobalSection(SolutionProperties) = preSolution
		HideSolutionNode = FALSE
	EndGlobalSection
EndGlobal
